
Microsoft Visual Studio Solution File, Format Version 12.00
# Visual Studio Version 16
VisualStudioVersion = 16.0.30011.22
MinimumVisualStudioVersion = 10.0.40219.1
Project("{FAE04EC0-301F-11D3-BF4B-00C04F79EFBC}") = "Lab", "Lab\Lab.csproj", "{F90598BD-7285-410A-BA59-5BF796DD39DD}"
EndProject
Global
	GlobalSection(SolutionConfigurationPlatforms) = preSolution
		Debug|Any CPU = Debug|Any CPU
		Release|Any CPU = Release|Any CPU
	EndGlobalSection
	GlobalSection(ProjectConfigurationPlatforms) = postSolution
		{F90598BD-7285-410A-BA59-5BF796DD39DD}.Debug|Any CPU.ActiveCfg = Debug|Any CPU
		{F90598BD-7285-410A-BA59-5BF796DD39DD}.Debug|Any CPU.Build.0 = Debug|Any CPU
		{F90598BD-7285-410A-BA59-5BF796DD39DD}.Release|Any CPU.ActiveCfg = Release|Any CPU
		{F90598BD-7285-410A-BA59-5BF796DD39DD}.Release|Any CPU.Build.0 = Release|Any CPU
	EndGlobalSection
	GlobalSection(SolutionProperties) = preSolution
		HideSolutionNode = FALSE
	EndGlobalSection
	GlobalSection(ExtensibilityGlobals) = postSolution
		SolutionGuid = {369EFA23-3A0D-446F-BCA4-32681F66651F}
	EndGlobalSection
EndGlobal
